dependencies:
- name: postgresql
  repository: https://kubernetes-charts.storage.googleapis.com/
  version: 4.0.1
- name: redis
  repository: https://kubernetes-charts.storage.googleapis.com/
  version: 7.1.0
- name: traefik
  repository: https://kubernetes-charts.storage.googleapis.com/
  version: 1.65.0
digest: sha256:504facaa97147a5106a975f0cd4f02ca47529758c2ab27fb50f7775578bf7109
generated: 2019-05-09T23:58:31.981868021-07:00
