dependencies:
- name: postgresql
  repository: https://kubernetes-charts.storage.googleapis.com/
  version: 4.0.1
- name: redis
  repository: https://kubernetes-charts.storage.googleapis.com/
  version: 7.1.0
- name: traefik
  repository: https://kubernetes-charts.storage.googleapis.com/
  version: 1.65.0
- name: prometheus
  repository: https://kubernetes-charts.storage.googleapis.com/
  version: 8.15.0
digest: sha256:a579e47c929ad6d3caad6e822cfb848667d796bd2d2136eef499fe30e39ae7ca
generated: 2019-08-01T12:40:11.980498592-07:00
