dependencies:
- name: postgresql
  repository: https://kubernetes-charts.storage.googleapis.com/
  version: 0.11.0
- name: redis
  repository: https://kubernetes-charts.storage.googleapis.com/
  version: 3.2.0
digest: sha256:3e42bfee62951a2c71ded5a2b687a8056b0f8fb5deebb27cf200e1f3da4692fd
generated: 2018-05-08T08:55:16.205659352-07:00
