dependencies:
- name: postgresql
  repository: https://kubernetes-charts.storage.googleapis.com/
  version: 0.11.0
- name: redis
  repository: https://kubernetes-charts.storage.googleapis.com/
  version: 3.2.0
- name: traefik
  repository: https://kubernetes-charts.storage.googleapis.com/
  version: 1.29.1
- name: prometheus
  repository: https://kubernetes-charts.storage.googleapis.com/
  version: 7.0.2
digest: sha256:03ac175a8d983c36a14538d5f7d4a56d514f3931115c4fc84fc52d57051c2d12
generated: 2018-08-21T15:21:11.033163878-07:00
