dependencies:
- name: postgresql
  repository: https://kubernetes-charts.storage.googleapis.com/
  version: 3.14.3
- name: redis
  repository: https://kubernetes-charts.storage.googleapis.com/
  version: 6.4.3
digest: sha256:4796d415b34af414bbf2158d628e1440d9f764ecf5ca1f9579f7dcf7163da757
generated: 2019-03-27T14:38:57.458981758-07:00
